
Microsoft Visual Studio Solution File, Format Version 12.00
# Visual Studio Version 16
VisualStudioVersion = 16.0.31702.278
MinimumVisualStudioVersion = 10.0.40219.1
Project("{FAE04EC0-301F-11D3-BF4B-00C04F79EFBC}") = "calculator", "calculator\calculator.csproj", "{2DB1C932-59D2-48F5-AA0D-FF15FDEA14B7}"
EndProject
Project("{FAE04EC0-301F-11D3-BF4B-00C04F79EFBC}") = "array_inut", "calc2\array_inut.csproj", "{141117EC-76D8-4B02-865A-6289B562281B}"
EndProject
Global
	GlobalSection(SolutionConfigurationPlatforms) = preSolution
		Debug|Any CPU = Debug|Any CPU
		Release|Any CPU = Release|Any CPU
	EndGlobalSection
	GlobalSection(ProjectConfigurationPlatforms) = postSolution
		{2DB1C932-59D2-48F5-AA0D-FF15FDEA14B7}.Debug|Any CPU.ActiveCfg = Debug|Any CPU
		{2DB1C932-59D2-48F5-AA0D-FF15FDEA14B7}.Debug|Any CPU.Build.0 = Debug|Any CPU
		{2DB1C932-59D2-48F5-AA0D-FF15FDEA14B7}.Release|Any CPU.ActiveCfg = Release|Any CPU
		{2DB1C932-59D2-48F5-AA0D-FF15FDEA14B7}.Release|Any CPU.Build.0 = Release|Any CPU
		{141117EC-76D8-4B02-865A-6289B562281B}.Debug|Any CPU.ActiveCfg = Debug|Any CPU
		{141117EC-76D8-4B02-865A-6289B562281B}.Debug|Any CPU.Build.0 = Debug|Any CPU
		{141117EC-76D8-4B02-865A-6289B562281B}.Release|Any CPU.ActiveCfg = Release|Any CPU
		{141117EC-76D8-4B02-865A-6289B562281B}.Release|Any CPU.Build.0 = Release|Any CPU
	EndGlobalSection
	GlobalSection(SolutionProperties) = preSolution
		HideSolutionNode = FALSE
	EndGlobalSection
	GlobalSection(ExtensibilityGlobals) = postSolution
		SolutionGuid = {C79811B2-5E17-4C35-816F-1FA960D84AF0}
	EndGlobalSection
EndGlobal
