
Microsoft Visual Studio Solution File, Format Version 12.00
# Visual Studio Version 16
VisualStudioVersion = 16.0.31702.278
MinimumVisualStudioVersion = 10.0.40219.1
Project("{FAE04EC0-301F-11D3-BF4B-00C04F79EFBC}") = "kursach_2", "kursach_2\kursach_2.csproj", "{C322BCAB-A406-4618-9A17-35192C7B5F82}"
EndProject
Global
	GlobalSection(SolutionConfigurationPlatforms) = preSolution
		Debug|Any CPU = Debug|Any CPU
		Release|Any CPU = Release|Any CPU
	EndGlobalSection
	GlobalSection(ProjectConfigurationPlatforms) = postSolution
		{C322BCAB-A406-4618-9A17-35192C7B5F82}.Debug|Any CPU.ActiveCfg = Debug|Any CPU
		{C322BCAB-A406-4618-9A17-35192C7B5F82}.Debug|Any CPU.Build.0 = Debug|Any CPU
		{C322BCAB-A406-4618-9A17-35192C7B5F82}.Release|Any CPU.ActiveCfg = Release|Any CPU
		{C322BCAB-A406-4618-9A17-35192C7B5F82}.Release|Any CPU.Build.0 = Release|Any CPU
	EndGlobalSection
	GlobalSection(SolutionProperties) = preSolution
		HideSolutionNode = FALSE
	EndGlobalSection
	GlobalSection(ExtensibilityGlobals) = postSolution
		SolutionGuid = {C8B8D9FA-DAD4-4CE8-A9D7-F72301789DD6}
	EndGlobalSection
EndGlobal
