
Microsoft Visual Studio Solution File, Format Version 12.00
# Visual Studio Version 16
VisualStudioVersion = 16.0.31702.278
MinimumVisualStudioVersion = 10.0.40219.1
Project("{FAE04EC0-301F-11D3-BF4B-00C04F79EFBC}") = "WinFormsApp4", "WinFormsApp4\WinFormsApp4.csproj", "{84B9E333-9812-47AE-98DD-21241171CAEB}"
EndProject
Global
	GlobalSection(SolutionConfigurationPlatforms) = preSolution
		Debug|Any CPU = Debug|Any CPU
		Release|Any CPU = Release|Any CPU
	EndGlobalSection
	GlobalSection(ProjectConfigurationPlatforms) = postSolution
		{84B9E333-9812-47AE-98DD-21241171CAEB}.Debug|Any CPU.ActiveCfg = Debug|Any CPU
		{84B9E333-9812-47AE-98DD-21241171CAEB}.Debug|Any CPU.Build.0 = Debug|Any CPU
		{84B9E333-9812-47AE-98DD-21241171CAEB}.Release|Any CPU.ActiveCfg = Release|Any CPU
		{84B9E333-9812-47AE-98DD-21241171CAEB}.Release|Any CPU.Build.0 = Release|Any CPU
	EndGlobalSection
	GlobalSection(SolutionProperties) = preSolution
		HideSolutionNode = FALSE
	EndGlobalSection
	GlobalSection(ExtensibilityGlobals) = postSolution
		SolutionGuid = {F708EE36-FD06-4360-8C6F-81AD402EB220}
	EndGlobalSection
EndGlobal
